version = 1
revision = 3
requires-python = ">=3.13"

[[package]]
name = "pypandoc"
version = "1.15"
source = { registry = "https://pypi.org/simple" }
sdist = { url = "https://files.pythonhosted.org/packages/e1/88/26e650d053df5f3874aa3c05901a14166ce3271f58bfe114fd776987efbd/pypandoc-1.15.tar.gz", hash = "sha256:ea25beebe712ae41d63f7410c08741a3cab0e420f6703f95bc9b3a749192ce13", size = 32940, upload-time = "2025-01-08T17:39:58.705Z" }
wheels = [
    { url = "https://files.pythonhosted.org/packages/61/06/0763e0ccc81754d3eadb21b2cb86cf21bdedc9b52698c2ad6785db7f0a4e/pypandoc-1.15-py3-none-any.whl", hash = "sha256:4ededcc76c8770f27aaca6dff47724578428eca84212a31479403a9731fc2b16", size = 21321, upload-time = "2025-01-08T17:39:09.928Z" },
]

[[package]]
name = "survivalguide4clubs"
version = "0.1.0"
source = { virtual = "." }
dependencies = [
    { name = "pypandoc" },
]

[package.metadata]
requires-dist = [{ name = "pypandoc", specifier = ">=1.15" }]
